
Microsoft Visual Studio Solution File, Format Version 12.00
# Visual Studio Version 16
VisualStudioVersion = 16.0.29613.14
MinimumVisualStudioVersion = 10.0.40219.1
Project("{9A19103F-16F7-4668-BE54-9A1E7A4F7556}") = "Iris.Core", "Iris.Core\Iris.Core.csproj", "{48F665BA-18AF-4AFF-9F49-A0C34E84932A}"
EndProject
Project("{9A19103F-16F7-4668-BE54-9A1E7A4F7556}") = "Iris.DataAccessLayer", "Iris.DataAccessLayer\Iris.DataAccessLayer.csproj", "{BC54380F-0DFC-4768-A84A-0DE13DCD2446}"
EndProject
Project("{9A19103F-16F7-4668-BE54-9A1E7A4F7556}") = "Iris.Entities", "Iris.Entities\Iris.Entities.csproj", "{4D31F83A-87B3-409D-83CB-D4481C3742D8}"
EndProject
Project("{9A19103F-16F7-4668-BE54-9A1E7A4F7556}") = "Iris.Helpers", "Iris.Helpers\Iris.Helpers.csproj", "{5E679432-A5D8-427E-BD16-098A187BA829}"
EndProject
Project("{9A19103F-16F7-4668-BE54-9A1E7A4F7556}") = "Iris.BusinessLayer", "Iris.BusinessLayer\Iris.BusinessLayer.csproj", "{FB69D9DF-7E47-464E-800B-C430A99EC00F}"
EndProject
Project("{9A19103F-16F7-4668-BE54-9A1E7A4F7556}") = "Iris.MvcWebUI", "Iris.MvcWebUI\Iris.MvcWebUI.csproj", "{03B84878-C29A-4CB3-9880-E544AE15F3F8}"
EndProject
Project("{9A19103F-16F7-4668-BE54-9A1E7A4F7556}") = "Iris.WebApi", "Iris.WebApi\Iris.WebApi.csproj", "{DF37D5FD-4254-440E-AD47-6857A1CB3808}"
EndProject
Project("{9A19103F-16F7-4668-BE54-9A1E7A4F7556}") = "Iris.ViewModels", "Iris.ViewModels\Iris.ViewModels.csproj", "{C2753009-C04B-4EB7-8DCA-A0246DF41397}"
EndProject
Project("{9A19103F-16F7-4668-BE54-9A1E7A4F7556}") = "Iris.XunitTest", "Iris.XunitTest\Iris.XunitTest.csproj", "{381D174F-DD68-477A-A7BE-8E536D58E6EF}"
EndProject
Project("{FAE04EC0-301F-11D3-BF4B-00C04F79EFBC}") = "Iris.Enum", "Iris.Enum\Iris.Enum.csproj", "{F250B013-0E52-44B7-A493-F799BADDA68F}"
EndProject
Global
	GlobalSection(SolutionConfigurationPlatforms) = preSolution
		Debug|Any CPU = Debug|Any CPU
		Release|Any CPU = Release|Any CPU
	EndGlobalSection
	GlobalSection(ProjectConfigurationPlatforms) = postSolution
		{48F665BA-18AF-4AFF-9F49-A0C34E84932A}.Debug|Any CPU.ActiveCfg = Debug|Any CPU
		{48F665BA-18AF-4AFF-9F49-A0C34E84932A}.Debug|Any CPU.Build.0 = Debug|Any CPU
		{48F665BA-18AF-4AFF-9F49-A0C34E84932A}.Release|Any CPU.ActiveCfg = Release|Any CPU
		{48F665BA-18AF-4AFF-9F49-A0C34E84932A}.Release|Any CPU.Build.0 = Release|Any CPU
		{BC54380F-0DFC-4768-A84A-0DE13DCD2446}.Debug|Any CPU.ActiveCfg = Debug|Any CPU
		{BC54380F-0DFC-4768-A84A-0DE13DCD2446}.Debug|Any CPU.Build.0 = Debug|Any CPU
		{BC54380F-0DFC-4768-A84A-0DE13DCD2446}.Release|Any CPU.ActiveCfg = Release|Any CPU
		{BC54380F-0DFC-4768-A84A-0DE13DCD2446}.Release|Any CPU.Build.0 = Release|Any CPU
		{4D31F83A-87B3-409D-83CB-D4481C3742D8}.Debug|Any CPU.ActiveCfg = Debug|Any CPU
		{4D31F83A-87B3-409D-83CB-D4481C3742D8}.Debug|Any CPU.Build.0 = Debug|Any CPU
		{4D31F83A-87B3-409D-83CB-D4481C3742D8}.Release|Any CPU.ActiveCfg = Release|Any CPU
		{4D31F83A-87B3-409D-83CB-D4481C3742D8}.Release|Any CPU.Build.0 = Release|Any CPU
		{5E679432-A5D8-427E-BD16-098A187BA829}.Debug|Any CPU.ActiveCfg = Debug|Any CPU
		{5E679432-A5D8-427E-BD16-098A187BA829}.Debug|Any CPU.Build.0 = Debug|Any CPU
		{5E679432-A5D8-427E-BD16-098A187BA829}.Release|Any CPU.ActiveCfg = Release|Any CPU
		{5E679432-A5D8-427E-BD16-098A187BA829}.Release|Any CPU.Build.0 = Release|Any CPU
		{FB69D9DF-7E47-464E-800B-C430A99EC00F}.Debug|Any CPU.ActiveCfg = Debug|Any CPU
		{FB69D9DF-7E47-464E-800B-C430A99EC00F}.Debug|Any CPU.Build.0 = Debug|Any CPU
		{FB69D9DF-7E47-464E-800B-C430A99EC00F}.Release|Any CPU.ActiveCfg = Release|Any CPU
		{FB69D9DF-7E47-464E-800B-C430A99EC00F}.Release|Any CPU.Build.0 = Release|Any CPU
		{03B84878-C29A-4CB3-9880-E544AE15F3F8}.Debug|Any CPU.ActiveCfg = Debug|Any CPU
		{03B84878-C29A-4CB3-9880-E544AE15F3F8}.Debug|Any CPU.Build.0 = Debug|Any CPU
		{03B84878-C29A-4CB3-9880-E544AE15F3F8}.Release|Any CPU.ActiveCfg = Release|Any CPU
		{03B84878-C29A-4CB3-9880-E544AE15F3F8}.Release|Any CPU.Build.0 = Release|Any CPU
		{DF37D5FD-4254-440E-AD47-6857A1CB3808}.Debug|Any CPU.ActiveCfg = Debug|Any CPU
		{DF37D5FD-4254-440E-AD47-6857A1CB3808}.Debug|Any CPU.Build.0 = Debug|Any CPU
		{DF37D5FD-4254-440E-AD47-6857A1CB3808}.Release|Any CPU.ActiveCfg = Release|Any CPU
		{DF37D5FD-4254-440E-AD47-6857A1CB3808}.Release|Any CPU.Build.0 = Release|Any CPU
		{C2753009-C04B-4EB7-8DCA-A0246DF41397}.Debug|Any CPU.ActiveCfg = Debug|Any CPU
		{C2753009-C04B-4EB7-8DCA-A0246DF41397}.Debug|Any CPU.Build.0 = Debug|Any CPU
		{C2753009-C04B-4EB7-8DCA-A0246DF41397}.Release|Any CPU.ActiveCfg = Release|Any CPU
		{C2753009-C04B-4EB7-8DCA-A0246DF41397}.Release|Any CPU.Build.0 = Release|Any CPU
		{381D174F-DD68-477A-A7BE-8E536D58E6EF}.Debug|Any CPU.ActiveCfg = Debug|Any CPU
		{381D174F-DD68-477A-A7BE-8E536D58E6EF}.Debug|Any CPU.Build.0 = Debug|Any CPU
		{381D174F-DD68-477A-A7BE-8E536D58E6EF}.Release|Any CPU.ActiveCfg = Release|Any CPU
		{381D174F-DD68-477A-A7BE-8E536D58E6EF}.Release|Any CPU.Build.0 = Release|Any CPU
		{F250B013-0E52-44B7-A493-F799BADDA68F}.Debug|Any CPU.ActiveCfg = Debug|Any CPU
		{F250B013-0E52-44B7-A493-F799BADDA68F}.Debug|Any CPU.Build.0 = Debug|Any CPU
		{F250B013-0E52-44B7-A493-F799BADDA68F}.Release|Any CPU.ActiveCfg = Release|Any CPU
		{F250B013-0E52-44B7-A493-F799BADDA68F}.Release|Any CPU.Build.0 = Release|Any CPU
	EndGlobalSection
	GlobalSection(SolutionProperties) = preSolution
		HideSolutionNode = FALSE
	EndGlobalSection
	GlobalSection(ExtensibilityGlobals) = postSolution
		SolutionGuid = {94003039-CD70-4341-81AF-F6188B212DD1}
	EndGlobalSection
EndGlobal
